// !$*UTF8*$!
{
	archiveVersion = 1;
	classes = {
	};
	objectVersion = 77;
	objects = {

/* Begin PBXContainerItemProxy section */
		5CE049902EF18FB30022FB88 /* PBXContainerItemProxy */ = {
			isa = PBXContainerItemProxy;
			containerPortal = 5CE0497A2EF18FB20022FB88 /* Project object */;
			proxyType = 1;
			remoteGlobalIDString = 5CE049812EF18FB20022FB88;
			remoteInfo = "pixel-art-2";
		};
		5CE0499A2EF18FB30022FB88 /* PBXContainerItemProxy */ = {
			isa = PBXContainerItemProxy;
			containerPortal = 5CE0497A2EF18FB20022FB88 /* Project object */;
			proxyType = 1;
			remoteGlobalIDString = 5CE049812EF18FB20022FB88;
			remoteInfo = "pixel-art-2";
		};
/* End PBXContainerItemProxy section */

/* Begin PBXFileReference section */
		5CE049822EF18FB20022FB88 /* pixel-art-2.app */ = {isa = PBXFileReference; explicitFileType = wrapper.application; includeInIndex = 0; path = "pixel-art-2.app"; sourceTree = BUILT_PRODUCTS_DIR; };
		5CE0498F2EF18FB30022FB88 /* pixel-art-2Tests.xctest */ = {isa = PBXFileReference; explicitFileType = wrapper.cfbundle; includeInIndex = 0; path = "pixel-art-2Tests.xctest"; sourceTree = BUILT_PRODUCTS_DIR; };
		5CE049992EF18FB30022FB88 /* pixel-art-2UITests.xctest */ = {isa = PBXFileReference; explicitFileType = wrapper.cfbundle; includeInIndex = 0; path = "pixel-art-2UITests.xctest"; sourceTree = BUILT_PRODUCTS_DIR; };
/* End PBXFileReference section */

/* Begin PBXFileSystemSynchronizedRootGroup section */
		5CE049842EF18FB20022FB88 /* pixel-art-2 */ = {
			isa = PBXFileSystemSynchronizedRootGroup;
			path = "pixel-art-2";
			sourceTree = "<group>";
		};
		5CE049922EF18FB30022FB88 /* pixel-art-2Tests */ = {
			isa = PBXFileSystemSynchronizedRootGroup;
			path = "pixel-art-2Tests";
			sourceTree = "<group>";
		};
		5CE0499C2EF18FB30022FB88 /* pixel-art-2UITests */ = {
			isa = PBXFileSystemSynchronizedRootGroup;
			path = "pixel-art-2UITests";
			sourceTree = "<group>";
		};
/* End PBXFileSystemSynchronizedRootGroup section */

/* Begin PBXFrameworksBuildPhase section */
		5CE0497F2EF18FB20022FB88 /* Frameworks */ = {
			isa = PBXFrameworksBuildPhase;
			buildActionMask = 2147483647;
			files = (
			);
			runOnlyForDeploymentPostprocessing = 0;
		};
		5CE0498C2EF18FB30022FB88 /* Frameworks */ = {
			isa = PBXFrameworksBuildPhase;
			buildActionMask = 2147483647;
			files = (
			);
			runOnlyForDeploymentPostprocessing = 0;
		};
		5CE049962EF18FB30022FB88 /* Frameworks */ = {
			isa = PBXFrameworksBuildPhase;
			buildActionMask = 2147483647;
			files = (
			);
			runOnlyForDeploymentPostprocessing = 0;
		};
/* End PBXFrameworksBuildPhase section */

/* Begin PBXGroup section */
		5CE049792EF18FB20022FB88 = {
			isa = PBXGroup;
			children = (
				5CE049842EF18FB20022FB88 /* pixel-art-2 */,
				5CE049922EF18FB30022FB88 /* pixel-art-2Tests */,
				5CE0499C2EF18FB30022FB88 /* pixel-art-2UITests */,
				5CE049832EF18FB20022FB88 /* Products */,
			);
			sourceTree = "<group>";
		};
		5CE049832EF18FB20022FB88 /* Products */ = {
			isa = PBXGroup;
			children = (
				5CE049822EF18FB20022FB88 /* pixel-art-2.app */,
				5CE0498F2EF18FB30022FB88 /* pixel-art-2Tests.xctest */,
				5CE049992EF18FB30022FB88 /* pixel-art-2UITests.xctest */,
			);
			name = Products;
			sourceTree = "<group>";
		};
/* End PBXGroup section */

/* Begin PBXNativeTarget section */
		5CE049812EF18FB20022FB88 /* pixel-art-2 */ = {
			isa = PBXNativeTarget;
			buildConfigurationList = 5CE049A32EF18FB30022FB88 /* Build configuration list for PBXNativeTarget "pixel-art-2" */;
			buildPhases = (
				5CE0497E2EF18FB20022FB88 /* Sources */,
				5CE0497F2EF18FB20022FB88 /* Frameworks */,
				5CE049802EF18FB20022FB88 /* Resources */,
			);
			buildRules = (
			);
			dependencies = (
			);
			fileSystemSynchronizedGroups = (
				5CE049842EF18FB20022FB88 /* pixel-art-2 */,
			);
			name = "pixel-art-2";
			packageProductDependencies = (
			);
			productName = "pixel-art-2";
			productReference = 5CE049822EF18FB20022FB88 /* pixel-art-2.app */;
			productType = "com.apple.product-type.application";
		};
		5CE0498E2EF18FB30022FB88 /* pixel-art-2Tests */ = {
			isa = PBXNativeTarget;
			buildConfigurationList = 5CE049A62EF18FB30022FB88 /* Build configuration list for PBXNativeTarget "pixel-art-2Tests" */;
			buildPhases = (
				5CE0498B2EF18FB30022FB88 /* Sources */,
				5CE0498C2EF18FB30022FB88 /* Frameworks */,
				5CE0498D2EF18FB30022FB88 /* Resources */,
			);
			buildRules = (
			);
			dependencies = (
				5CE049912EF18FB30022FB88 /* PBXTargetDependency */,
			);
			fileSystemSynchronizedGroups = (
				5CE049922EF18FB30022FB88 /* pixel-art-2Tests */,
			);
			name = "pixel-art-2Tests";
			packageProductDependencies = (
			);
			productName = "pixel-art-2Tests";
			productReference = 5CE0498F2EF18FB30022FB88 /* pixel-art-2Tests.xctest */;
			productType = "com.apple.product-type.bundle.unit-test";
		};
		5CE049982EF18FB30022FB88 /* pixel-art-2UITests */ = {
			isa = PBXNativeTarget;
			buildConfigurationList = 5CE049A92EF18FB30022FB88 /* Build configuration list for PBXNativeTarget "pixel-art-2UITests" */;
			buildPhases = (
				5CE049952EF18FB30022FB88 /* Sources */,
				5CE049962EF18FB30022FB88 /* Frameworks */,
				5CE049972EF18FB30022FB88 /* Resources */,
			);
			buildRules = (
			);
			dependencies = (
				5CE0499B2EF18FB30022FB88 /* PBXTargetDependency */,
			);
			fileSystemSynchronizedGroups = (
				5CE0499C2EF18FB30022FB88 /* pixel-art-2UITests */,
			);
			name = "pixel-art-2UITests";
			packageProductDependencies = (
			);
			productName = "pixel-art-2UITests";
			productReference = 5CE049992EF18FB30022FB88 /* pixel-art-2UITests.xctest */;
			productType = "com.apple.product-type.bundle.ui-testing";
		};
/* End PBXNativeTarget section */

/* Begin PBXProject section */
		5CE0497A2EF18FB20022FB88 /* Project object */ = {
			isa = PBXProject;
			attributes = {
				BuildIndependentTargetsInParallel = 1;
				LastSwiftUpdateCheck = 1640;
				LastUpgradeCheck = 1640;
				TargetAttributes = {
					5CE049812EF18FB20022FB88 = {
						CreatedOnToolsVersion = 16.4;
					};
					5CE0498E2EF18FB30022FB88 = {
						CreatedOnToolsVersion = 16.4;
						TestTargetID = 5CE049812EF18FB20022FB88;
					};
					5CE049982EF18FB30022FB88 = {
						CreatedOnToolsVersion = 16.4;
						TestTargetID = 5CE049812EF18FB20022FB88;
					};
				};
			};
			buildConfigurationList = 5CE0497D2EF18FB20022FB88 /* Build configuration list for PBXProject "pixel-art-2" */;
			developmentRegion = en;
			hasScannedForEncodings = 0;
			knownRegions = (
				en,
				Base,
			);
			mainGroup = 5CE049792EF18FB20022FB88;
			minimizedProjectReferenceProxies = 1;
			preferredProjectObjectVersion = 77;
			productRefGroup = 5CE049832EF18FB20022FB88 /* Products */;
			projectDirPath = "";
			projectRoot = "";
			targets = (
				5CE049812EF18FB20022FB88 /* pixel-art-2 */,
				5CE0498E2EF18FB30022FB88 /* pixel-art-2Tests */,
				5CE049982EF18FB30022FB88 /* pixel-art-2UITests */,
			);
		};
/* End PBXProject section */

/* Begin PBXResourcesBuildPhase section */
		5CE049802EF18FB20022FB88 /* Resources */ = {
			isa = PBXResourcesBuildPhase;
			buildActionMask = 2147483647;
			files = (
			);
			runOnlyForDeploymentPostprocessing = 0;
		};
		5CE0498D2EF18FB30022FB88 /* Resources */ = {
			isa = PBXResourcesBuildPhase;
			buildActionMask = 2147483647;
			files = (
			);
			runOnlyForDeploymentPostprocessing = 0;
		};
		5CE049972EF18FB30022FB88 /* Resources */ = {
			isa = PBXResourcesBuildPhase;
			buildActionMask = 2147483647;
			files = (
			);
			runOnlyForDeploymentPostprocessing = 0;
		};
/* End PBXResourcesBuildPhase section */

/* Begin PBXSourcesBuildPhase section */
		5CE0497E2EF18FB20022FB88 /* Sources */ = {
			isa = PBXSourcesBuildPhase;
			buildActionMask = 2147483647;
			files = (
			);
			runOnlyForDeploymentPostprocessing = 0;
		};
		5CE0498B2EF18FB30022FB88 /* Sources */ = {
			isa = PBXSourcesBuildPhase;
			buildActionMask = 2147483647;
			files = (
			);
			runOnlyForDeploymentPostprocessing = 0;
		};
		5CE049952EF18FB30022FB88 /* Sources */ = {
			isa = PBXSourcesBuildPhase;
			buildActionMask = 2147483647;
			files = (
			);
			runOnlyForDeploymentPostprocessing = 0;
		};
/* End PBXSourcesBuildPhase section */

/* Begin PBXTargetDependency section */
		5CE049912EF18FB30022FB88 /* PBXTargetDependency */ = {
			isa = PBXTargetDependency;
			target = 5CE049812EF18FB20022FB88 /* pixel-art-2 */;
			targetProxy = 5CE049902EF18FB30022FB88 /* PBXContainerItemProxy */;
		};
		5CE0499B2EF18FB30022FB88 /* PBXTargetDependency */ = {
			isa = PBXTargetDependency;
			target = 5CE049812EF18FB20022FB88 /* pixel-art-2 */;
			targetProxy = 5CE0499A2EF18FB30022FB88 /* PBXContainerItemProxy */;
		};
/* End PBXTargetDependency section */

/* Begin XCBuildConfiguration section */
		5CE049A12EF18FB30022FB88 /* Debug */ = {
			isa = XCBuildConfiguration;
			buildSettings = {
				ALWAYS_SEARCH_USER_PATHS = NO;
				ASSETCATALOG_COMPILER_GENERATE_SWIFT_ASSET_SYMBOL_EXTENSIONS = YES;
				CLANG_ANALYZER_NONNULL = YES;
				CLANG_ANALYZER_NUMBER_OBJECT_CONVERSION = YES_AGGRESSIVE;
				CLANG_CXX_LANGUAGE_STANDARD = "gnu++20";
				CLANG_ENABLE_MODULES = YES;
				CLANG_ENABLE_OBJC_ARC = YES;
				CLANG_ENABLE_OBJC_WEAK = YES;
				CLANG_WARN_BLOCK_CAPTURE_AUTORELEASING = YES;
				CLANG_WARN_BOOL_CONVERSION = YES;
				CLANG_WARN_COMMA = YES;
				CLANG_WARN_CONSTANT_CONVERSION = YES;
				CLANG_WARN_DEPRECATED_OBJC_IMPLEMENTATIONS = YES;
				CLANG_WARN_DIRECT_OBJC_ISA_USAGE = YES_ERROR;
				CLANG_WARN_DOCUMENTATION_COMMENTS = YES;
				CLANG_WARN_EMPTY_BODY = YES;
				CLANG_WARN_ENUM_CONVERSION = YES;
				CLANG_WARN_INFINITE_RECURSION = YES;
				CLANG_WARN_INT_CONVERSION = YES;
				CLANG_WARN_NON_LITERAL_NULL_CONVERSION = YES;
				CLANG_WARN_OBJC_IMPLICIT_RETAIN_SELF = YES;
				CLANG_WARN_OBJC_LITERAL_CONVERSION = YES;
				CLANG_WARN_OBJC_ROOT_CLASS = YES_ERROR;
				CLANG_WARN_QUOTED_INCLUDE_IN_FRAMEWORK_HEADER = YES;
				CLANG_WARN_RANGE_LOOP_ANALYSIS = YES;
				CLANG_WARN_STRICT_PROTOTYPES = YES;
				CLANG_WARN_SUSPICIOUS_MOVE = YES;
				CLANG_WARN_UNGUARDED_AVAILABILITY = YES_AGGRESSIVE;
				CLANG_WARN_UNREACHABLE_CODE = YES;
				CLANG_WARN__DUPLICATE_METHOD_MATCH = YES;
				COPY_PHASE_STRIP = NO;
				DEBUG_INFORMATION_FORMAT = dwarf;
				DEVELOPMENT_TEAM = E9SJMZ67E4;
				ENABLE_STRICT_OBJC_MSGSEND = YES;
				ENABLE_TESTABILITY = YES;
				ENABLE_USER_SCRIPT_SANDBOXING = YES;
				GCC_C_LANGUAGE_STANDARD = gnu17;
				GCC_DYNAMIC_NO_PIC = NO;
				GCC_NO_COMMON_BLOCKS = YES;
				GCC_OPTIMIZATION_LEVEL = 0;
				GCC_PREPROCESSOR_DEFINITIONS = (
					"DEBUG=1",
					"$(inherited)",
				);
				GCC_WARN_64_TO_32_BIT_CONVERSION = YES;
				GCC_WARN_ABOUT_RETURN_TYPE = YES_ERROR;
				GCC_WARN_UNDECLARED_SELECTOR = YES;
				GCC_WARN_UNINITIALIZED_AUTOS = YES_AGGRESSIVE;
				GCC_WARN_UNUSED_FUNCTION = YES;
				GCC_WARN_UNUSED_VARIABLE = YES;
				IPHONEOS_DEPLOYMENT_TARGET = 18.5;
				LOCALIZATION_PREFERS_STRING_CATALOGS = YES;
				MTL_ENABLE_DEBUG_INFO = INCLUDE_SOURCE;
				MTL_FAST_MATH = YES;
				ONLY_ACTIVE_ARCH = YES;
				SDKROOT = iphoneos;
				SWIFT_ACTIVE_COMPILATION_CONDITIONS = "DEBUG $(inherited)";
				SWIFT_OPTIMIZATION_LEVEL = "-Onone";
			};
			name = Debug;
		};
		5CE049A22EF18FB30022FB88 /* Release */ = {
			isa = XCBuildConfiguration;
			buildSettings = {
				ALWAYS_SEARCH_USER_PATHS = NO;
				ASSETCATALOG_COMPILER_GENERATE_SWIFT_ASSET_SYMBOL_EXTENSIONS = YES;
				CLANG_ANALYZER_NONNULL = YES;
				CLANG_ANALYZER_NUMBER_OBJECT_CONVERSION = YES_AGGRESSIVE;
				CLANG_CXX_LANGUAGE_STANDARD = "gnu++20";
				CLANG_ENABLE_MODULES = YES;
				CLANG_ENABLE_OBJC_ARC = YES;
				CLANG_ENABLE_OBJC_WEAK = YES;
				CLANG_WARN_BLOCK_CAPTURE_AUTORELEASING = YES;
				CLANG_WARN_BOOL_CONVERSION = YES;
				CLANG_WARN_COMMA = YES;
				CLANG_WARN_CONSTANT_CONVERSION = YES;
				CLANG_WARN_DEPRECATED_OBJC_IMPLEMENTATIONS = YES;
				CLANG_WARN_DIRECT_OBJC_ISA_USAGE = YES_ERROR;
				CLANG_WARN_DOCUMENTATION_COMMENTS = YES;
				CLANG_WARN_EMPTY_BODY = YES;
				CLANG_WARN_ENUM_CONVERSION = YES;
				CLANG_WARN_INFINITE_RECURSION = YES;
				CLANG_WARN_INT_CONVERSION = YES;
				CLANG_WARN_NON_LITERAL_NULL_CONVERSION = YES;
				CLANG_WARN_OBJC_IMPLICIT_RETAIN_SELF = YES;
				CLANG_WARN_OBJC_LITERAL_CONVERSION = YES;
				CLANG_WARN_OBJC_ROOT_CLASS = YES_ERROR;
				CLANG_WARN_QUOTED_INCLUDE_IN_FRAMEWORK_HEADER = YES;
				CLANG_WARN_RANGE_LOOP_ANALYSIS = YES;
				CLANG_WARN_STRICT_PROTOTYPES = YES;
				CLANG_WARN_SUSPICIOUS_MOVE = YES;
				CLANG_WARN_UNGUARDED_AVAILABILITY = YES_AGGRESSIVE;
				CLANG_WARN_UNREACHABLE_CODE = YES;
				CLANG_WARN__DUPLICATE_METHOD_MATCH = YES;
				COPY_PHASE_STRIP = NO;
				DEBUG_INFORMATION_FORMAT = "dwarf-with-dsym";
				DEVELOPMENT_TEAM = E9SJMZ67E4;
				ENABLE_NS_ASSERTIONS = NO;
				ENABLE_STRICT_OBJC_MSGSEND = YES;
				ENABLE_USER_SCRIPT_SANDBOXING = YES;
				GCC_C_LANGUAGE_STANDARD = gnu17;
				GCC_NO_COMMON_BLOCKS = YES;
				GCC_WARN_64_TO_32_BIT_CONVERSION = YES;
				GCC_WARN_ABOUT_RETURN_TYPE = YES_ERROR;
				GCC_WARN_UNDECLARED_SELECTOR = YES;
				GCC_WARN_UNINITIALIZED_AUTOS = YES_AGGRESSIVE;
				GCC_WARN_UNUSED_FUNCTION = YES;
				GCC_WARN_UNUSED_VARIABLE = YES;
				IPHONEOS_DEPLOYMENT_TARGET = 18.5;
				LOCALIZATION_PREFERS_STRING_CATALOGS = YES;
				MTL_ENABLE_DEBUG_INFO = NO;
				MTL_FAST_MATH = YES;
				SDKROOT = iphoneos;
				SWIFT_COMPILATION_MODE = wholemodule;
				VALIDATE_PRODUCT = YES;
			};
			name = Release;
		};
		5CE049A42EF18FB30022FB88 /* Debug */ = {
			isa = XCBuildConfiguration;
			buildSettings = {
				ASSETCATALOG_COMPILER_APPICON_NAME = AppIcon;
				ASSETCATALOG_COMPILER_GLOBAL_ACCENT_COLOR_NAME = AccentColor;
				CODE_SIGN_STYLE = Automatic;
				CURRENT_PROJECT_VERSION = 1;
				DEVELOPMENT_TEAM = E9SJMZ67E4;
				ENABLE_PREVIEWS = YES;
				GENERATE_INFOPLIST_FILE = YES;
				INFOPLIST_KEY_UIApplicationSceneManifest_Generation = YES;
				INFOPLIST_KEY_UIApplicationSupportsIndirectInputEvents = YES;
				INFOPLIST_KEY_UILaunchScreen_Generation = YES;
				INFOPLIST_KEY_UISupportedInterfaceOrientations_iPad = "UIInterfaceOrientationPortrait UIInterfaceOrientationPortraitUpsideDown UIInterfaceOrientationLandscapeLeft UIInterfaceOrientationLandscapeRight";
				INFOPLIST_KEY_UISupportedInterfaceOrientations_iPhone = "UIInterfaceOrientationPortrait UIInterfaceOrientationLandscapeLeft UIInterfaceOrientationLandscapeRight";
				LD_RUNPATH_SEARCH_PATHS = (
					"$(inherited)",
					"@executable_path/Frameworks",
				);
				MARKETING_VERSION = 1.0;
				PRODUCT_BUNDLE_IDENTIFIER = "org.qstudio.bzreminder.full.pixel-art-2";
				PRODUCT_NAME = "$(TARGET_NAME)";
				SWIFT_EMIT_LOC_STRINGS = YES;
				SWIFT_VERSION = 5.0;
				TARGETED_DEVICE_FAMILY = "1,2";
			};
			name = Debug;
		};
		5CE049A52EF18FB30022FB88 /* Release */ = {
			isa = XCBuildConfiguration;
			buildSettings = {
				ASSETCATALOG_COMPILER_APPICON_NAME = AppIcon;
				ASSETCATALOG_COMPILER_GLOBAL_ACCENT_COLOR_NAME = AccentColor;
				CODE_SIGN_STYLE = Automatic;
				CURRENT_PROJECT_VERSION = 1;
				DEVELOPMENT_TEAM = E9SJMZ67E4;
				ENABLE_PREVIEWS = YES;
				GENERATE_INFOPLIST_FILE = YES;
				INFOPLIST_KEY_UIApplicationSceneManifest_Generation = YES;
				INFOPLIST_KEY_UIApplicationSupportsIndirectInputEvents = YES;
				INFOPLIST_KEY_UILaunchScreen_Generation = YES;
				INFOPLIST_KEY_UISupportedInterfaceOrientations_iPad = "UIInterfaceOrientationPortrait UIInterfaceOrientationPortraitUpsideDown UIInterfaceOrientationLandscapeLeft UIInterfaceOrientationLandscapeRight";
				INFOPLIST_KEY_UISupportedInterfaceOrientations_iPhone = "UIInterfaceOrientationPortrait UIInterfaceOrientationLandscapeLeft UIInterfaceOrientationLandscapeRight";
				LD_RUNPATH_SEARCH_PATHS = (
					"$(inherited)",
					"@executable_path/Frameworks",
				);
				MARKETING_VERSION = 1.0;
				PRODUCT_BUNDLE_IDENTIFIER = "org.qstudio.bzreminder.full.pixel-art-2";
				PRODUCT_NAME = "$(TARGET_NAME)";
				SWIFT_EMIT_LOC_STRINGS = YES;
				SWIFT_VERSION = 5.0;
				TARGETED_DEVICE_FAMILY = "1,2";
			};
			name = Release;
		};
		5CE049A72EF18FB30022FB88 /* Debug */ = {
			isa = XCBuildConfiguration;
			buildSettings = {
				BUNDLE_LOADER = "$(TEST_HOST)";
				CODE_SIGN_STYLE = Automatic;
				CURRENT_PROJECT_VERSION = 1;
				DEVELOPMENT_TEAM = E9SJMZ67E4;
				GENERATE_INFOPLIST_FILE = YES;
				IPHONEOS_DEPLOYMENT_TARGET = 18.5;
				MARKETING_VERSION = 1.0;
				PRODUCT_BUNDLE_IDENTIFIER = "org.qstudio.bzreminder.full.pixel-art-2Tests";
				PRODUCT_NAME = "$(TARGET_NAME)";
				SWIFT_EMIT_LOC_STRINGS = NO;
				SWIFT_VERSION = 5.0;
				TARGETED_DEVICE_FAMILY = "1,2";
				TEST_HOST = "$(BUILT_PRODUCTS_DIR)/pixel-art-2.app/$(BUNDLE_EXECUTABLE_FOLDER_PATH)/pixel-art-2";
			};
			name = Debug;
		};
		5CE049A82EF18FB30022FB88 /* Release */ = {
			isa = XCBuildConfiguration;
			buildSettings = {
				BUNDLE_LOADER = "$(TEST_HOST)";
				CODE_SIGN_STYLE = Automatic;
				CURRENT_PROJECT_VERSION = 1;
				DEVELOPMENT_TEAM = E9SJMZ67E4;
				GENERATE_INFOPLIST_FILE = YES;
				IPHONEOS_DEPLOYMENT_TARGET = 18.5;
				MARKETING_VERSION = 1.0;
				PRODUCT_BUNDLE_IDENTIFIER = "org.qstudio.bzreminder.full.pixel-art-2Tests";
				PRODUCT_NAME = "$(TARGET_NAME)";
				SWIFT_EMIT_LOC_STRINGS = NO;
				SWIFT_VERSION = 5.0;
				TARGETED_DEVICE_FAMILY = "1,2";
				TEST_HOST = "$(BUILT_PRODUCTS_DIR)/pixel-art-2.app/$(BUNDLE_EXECUTABLE_FOLDER_PATH)/pixel-art-2";
			};
			name = Release;
		};
		5CE049AA2EF18FB30022FB88 /* Debug */ = {
			isa = XCBuildConfiguration;
			buildSettings = {
				CODE_SIGN_STYLE = Automatic;
				CURRENT_PROJECT_VERSION = 1;
				DEVELOPMENT_TEAM = E9SJMZ67E4;
				GENERATE_INFOPLIST_FILE = YES;
				MARKETING_VERSION = 1.0;
				PRODUCT_BUNDLE_IDENTIFIER = "org.qstudio.bzreminder.full.pixel-art-2UITests";
				PRODUCT_NAME = "$(TARGET_NAME)";
				SWIFT_EMIT_LOC_STRINGS = NO;
				SWIFT_VERSION = 5.0;
				TARGETED_DEVICE_FAMILY = "1,2";
				TEST_TARGET_NAME = "pixel-art-2";
			};
			name = Debug;
		};
		5CE049AB2EF18FB30022FB88 /* Release */ = {
			isa = XCBuildConfiguration;
			buildSettings = {
				CODE_SIGN_STYLE = Automatic;
				CURRENT_PROJECT_VERSION = 1;
				DEVELOPMENT_TEAM = E9SJMZ67E4;
				GENERATE_INFOPLIST_FILE = YES;
				MARKETING_VERSION = 1.0;
				PRODUCT_BUNDLE_IDENTIFIER = "org.qstudio.bzreminder.full.pixel-art-2UITests";
				PRODUCT_NAME = "$(TARGET_NAME)";
				SWIFT_EMIT_LOC_STRINGS = NO;
				SWIFT_VERSION = 5.0;
				TARGETED_DEVICE_FAMILY = "1,2";
				TEST_TARGET_NAME = "pixel-art-2";
			};
			name = Release;
		};
/* End XCBuildConfiguration section */

/* Begin XCConfigurationList section */
		5CE0497D2EF18FB20022FB88 /* Build configuration list for PBXProject "pixel-art-2" */ = {
			isa = XCConfigurationList;
			buildConfigurations = (
				5CE049A12EF18FB30022FB88 /* Debug */,
				5CE049A22EF18FB30022FB88 /* Release */,
			);
			defaultConfigurationIsVisible = 0;
			defaultConfigurationName = Release;
		};
		5CE049A32EF18FB30022FB88 /* Build configuration list for PBXNativeTarget "pixel-art-2" */ = {
			isa = XCConfigurationList;
			buildConfigurations = (
				5CE049A42EF18FB30022FB88 /* Debug */,
				5CE049A52EF18FB30022FB88 /* Release */,
			);
			defaultConfigurationIsVisible = 0;
			defaultConfigurationName = Release;
		};
		5CE049A62EF18FB30022FB88 /* Build configuration list for PBXNativeTarget "pixel-art-2Tests" */ = {
			isa = XCConfigurationList;
			buildConfigurations = (
				5CE049A72EF18FB30022FB88 /* Debug */,
				5CE049A82EF18FB30022FB88 /* Release */,
			);
			defaultConfigurationIsVisible = 0;
			defaultConfigurationName = Release;
		};
		5CE049A92EF18FB30022FB88 /* Build configuration list for PBXNativeTarget "pixel-art-2UITests" */ = {
			isa = XCConfigurationList;
			buildConfigurations = (
				5CE049AA2EF18FB30022FB88 /* Debug */,
				5CE049AB2EF18FB30022FB88 /* Release */,
			);
			defaultConfigurationIsVisible = 0;
			defaultConfigurationName = Release;
		};
/* End XCConfigurationList section */
	};
	rootObject = 5CE0497A2EF18FB20022FB88 /* Project object */;
}
